<Solution>
  <Project Path="BLAZOR_WASM_CLEAN_ARQUITECTURE.Client/BLAZOR_WASM_CLEAN_ARQUITECTURE.Client.csproj" />
  <Project Path="BLAZOR_WASM_CLEAN_ARQUITECTURE.Server.Data/BLAZOR_WASM_CLEAN_ARQUITECTURE.Server.Data.csproj" Id="58fb7d03-06bf-4c60-9543-d67570eace82" />
  <Project Path="BLAZOR_WASM_CLEAN_ARQUITECTURE.Server.Domain/BLAZOR_WASM_CLEAN_ARQUITECTURE.Server.Domain.csproj" Id="d3b78d7d-2375-49ed-9698-906d85de65ca" />
  <Project Path="BLAZOR_WASM_CLEAN_ARQUITECTURE.Server/BLAZOR_WASM_CLEAN_ARQUITECTURE.Server.csproj" />
  <Project Path="BLAZOR_WASM_CLEAN_ARQUITECTURE.Shared/BLAZOR_WASM_CLEAN_ARQUITECTURE.Shared.csproj" Id="f94b9f76-f0bc-4697-adba-0a7546f18dd9" />
</Solution>
